
Microsoft Visual Studio Solution File, Format Version 12.00
# Visual Studio 15
VisualStudioVersion = 15.0.28307.1062
MinimumVisualStudioVersion = 10.0.40219.1
Project("{FAE04EC0-301F-11D3-BF4B-00C04F79EFBC}") = "RavenscriptApiScraper", "RavenscriptApiScraper\RavenscriptApiScraper.csproj", "{6F4B77DC-E603-4F60-B3A3-8B855A0234BF}"
EndProject
Global
	GlobalSection(SolutionConfigurationPlatforms) = preSolution
		Debug|Any CPU = Debug|Any CPU
		Release|Any CPU = Release|Any CPU
	EndGlobalSection
	GlobalSection(ProjectConfigurationPlatforms) = postSolution
		{6F4B77DC-E603-4F60-B3A3-8B855A0234BF}.Debug|Any CPU.ActiveCfg = Debug|Any CPU
		{6F4B77DC-E603-4F60-B3A3-8B855A0234BF}.Debug|Any CPU.Build.0 = Debug|Any CPU
		{6F4B77DC-E603-4F60-B3A3-8B855A0234BF}.Release|Any CPU.ActiveCfg = Release|Any CPU
		{6F4B77DC-E603-4F60-B3A3-8B855A0234BF}.Release|Any CPU.Build.0 = Release|Any CPU
	EndGlobalSection
	GlobalSection(SolutionProperties) = preSolution
		HideSolutionNode = FALSE
	EndGlobalSection
	GlobalSection(ExtensibilityGlobals) = postSolution
		SolutionGuid = {D85EBE57-AA95-40DB-8EB5-05CD8D4C076E}
	EndGlobalSection
EndGlobal
